// !$*UTF8*$!
{
	archiveVersion = 1;
	classes = {
	};
	objectVersion = 55;
	objects = {

/* Begin PBXBuildFile section */
		6CEEBB2527E10B81006D478F /* AppDelegate.swift in Sources */ = {isa = PBXBuildFile; fileRef = 6CEEBB2427E10B81006D478F /* AppDelegate.swift */; };
		6CEEBB2727E10B81006D478F /* SceneDelegate.swift in Sources */ = {isa = PBXBuildFile; fileRef = 6CEEBB2627E10B81006D478F /* SceneDelegate.swift */; };
		6CEEBB2927E10B81006D478F /* ViewController.swift in Sources */ = {isa = PBXBuildFile; fileRef = 6CEEBB2827E10B81006D478F /* ViewController.swift */; };
		6CEEBB2C27E10B81006D478F /* Main.storyboard in Resources */ = {isa = PBXBuildFile; fileRef = 6CEEBB2A27E10B81006D478F /* Main.storyboard */; };
		6CEEBB2E27E10B82006D478F /* Assets.xcassets in Resources */ = {isa = PBXBuildFile; fileRef = 6CEEBB2D27E10B82006D478F /* Assets.xcassets */; };
		6CEEBB3127E10B82006D478F /* LaunchScreen.storyboard in Resources */ = {isa = PBXBuildFile; fileRef = 6CEEBB2F27E10B82006D478F /* LaunchScreen.storyboard */; };
		6CEEBB3927E10D45006D478F /* Extension + UIButton.swift in Sources */ = {isa = PBXBuildFile; fileRef = 6CEEBB3827E10D45006D478F /* Extension + UIButton.swift */; };
		C72768CCFB1BC1E64B9941D7 /* Pods_SpringAnimation.framework in Frameworks */ = {isa = PBXBuildFile; fileRef = E92E63CF0BA1E0B91F3F308D /* Pods_SpringAnimation.framework */; };
/* End PBXBuildFile section */

/* Begin PBXFileReference section */
		53C2B555F7C0957FEF147179 /* Pods-SpringAnimation.debug.xcconfig */ = {isa = PBXFileReference; includeInIndex = 1; lastKnownFileType = text.xcconfig; name = "Pods-SpringAnimation.debug.xcconfig"; path = "Target Support Files/Pods-SpringAnimation/Pods-SpringAnimation.debug.xcconfig"; sourceTree = "<group>"; };
		589AF54BA82B3ED7D4DDE093 /* Pods-SpringAnimation.release.xcconfig */ = {isa = PBXFileReference; includeInIndex = 1; lastKnownFileType = text.xcconfig; name = "Pods-SpringAnimation.release.xcconfig"; path = "Target Support Files/Pods-SpringAnimation/Pods-SpringAnimation.release.xcconfig"; sourceTree = "<group>"; };
		6CEEBB2127E10B81006D478F /* SpringAnimation.app */ = {isa = PBXFileReference; explicitFileType = wrapper.application; includeInIndex = 0; path = SpringAnimation.app; sourceTree = BUILT_PRODUCTS_DIR; };
		6CEEBB2427E10B81006D478F /* AppDelegate.swift */ = {isa = PBXFileReference; lastKnownFileType = sourcecode.swift; path = AppDelegate.swift; sourceTree = "<group>"; };
		6CEEBB2627E10B81006D478F /* SceneDelegate.swift */ = {isa = PBXFileReference; lastKnownFileType = sourcecode.swift; path = SceneDelegate.swift; sourceTree = "<group>"; };
		6CEEBB2827E10B81006D478F /* ViewController.swift */ = {isa = PBXFileReference; lastKnownFileType = sourcecode.swift; path = ViewController.swift; sourceTree = "<group>"; };
		6CEEBB2B27E10B81006D478F /* Base */ = {isa = PBXFileReference; lastKnownFileType = file.storyboard; name = Base; path = Base.lproj/Main.storyboard; sourceTree = "<group>"; };
		6CEEBB2D27E10B82006D478F /* Assets.xcassets */ = {isa = PBXFileReference; lastKnownFileType = folder.assetcatalog; path = Assets.xcassets; sourceTree = "<group>"; };
		6CEEBB3027E10B82006D478F /* Base */ = {isa = PBXFileReference; lastKnownFileType = file.storyboard; name = Base; path = Base.lproj/LaunchScreen.storyboard; sourceTree = "<group>"; };
		6CEEBB3227E10B82006D478F /* Info.plist */ = {isa = PBXFileReference; lastKnownFileType = text.plist.xml; path = Info.plist; sourceTree = "<group>"; };
		6CEEBB3827E10D45006D478F /* Extension + UIButton.swift */ = {isa = PBXFileReference; fileEncoding = 4; lastKnownFileType = sourcecode.swift; path = "Extension + UIButton.swift"; sourceTree = "<group>"; };
		E92E63CF0BA1E0B91F3F308D /* Pods_SpringAnimation.framework */ = {isa = PBXFileReference; explicitFileType = wrapper.framework; includeInIndex = 0; path = Pods_SpringAnimation.framework; sourceTree = BUILT_PRODUCTS_DIR; };
/* End PBXFileReference section */

/* Begin PBXFrameworksBuildPhase section */
		6CEEBB1E27E10B81006D478F /* Frameworks */ = {
			isa = PBXFrameworksBuildPhase;
			buildActionMask = 2147483647;
			files = (
				C72768CCFB1BC1E64B9941D7 /* Pods_SpringAnimation.framework in Frameworks */,
			);
			runOnlyForDeploymentPostprocessing = 0;
		};
/* End PBXFrameworksBuildPhase section */

/* Begin PBXGroup section */
		1D37791B3189E969953C6E43 /* Frameworks */ = {
			isa = PBXGroup;
			children = (
				E92E63CF0BA1E0B91F3F308D /* Pods_SpringAnimation.framework */,
			);
			name = Frameworks;
			sourceTree = "<group>";
		};
		6CEEBB1827E10B81006D478F = {
			isa = PBXGroup;
			children = (
				6CEEBB2327E10B81006D478F /* SpringAnimation */,
				6CEEBB2227E10B81006D478F /* Products */,
				A9ECC184A5212C81A02204E4 /* Pods */,
				1D37791B3189E969953C6E43 /* Frameworks */,
			);
			sourceTree = "<group>";
		};
		6CEEBB2227E10B81006D478F /* Products */ = {
			isa = PBXGroup;
			children = (
				6CEEBB2127E10B81006D478F /* SpringAnimation.app */,
			);
			name = Products;
			sourceTree = "<group>";
		};
		6CEEBB2327E10B81006D478F /* SpringAnimation */ = {
			isa = PBXGroup;
			children = (
				6CEEBB3B27E10EBE006D478F /* ViewControllers */,
				6CEEBB3E27E10ED6006D478F /* Extensions */,
				6CEEBB3C27E10EC8006D478F /* Storyboards */,
				6CEEBB3D27E10ED0006D478F /* Resources */,
				6CEEBB3A27E10EB9006D478F /* App */,
			);
			path = SpringAnimation;
			sourceTree = "<group>";
		};
		6CEEBB3A27E10EB9006D478F /* App */ = {
			isa = PBXGroup;
			children = (
				6CEEBB2427E10B81006D478F /* AppDelegate.swift */,
				6CEEBB2627E10B81006D478F /* SceneDelegate.swift */,
				6CEEBB3227E10B82006D478F /* Info.plist */,
			);
			path = App;
			sourceTree = "<group>";
		};
		6CEEBB3B27E10EBE006D478F /* ViewControllers */ = {
			isa = PBXGroup;
			children = (
				6CEEBB2827E10B81006D478F /* ViewController.swift */,
			);
			path = ViewControllers;
			sourceTree = "<group>";
		};
		6CEEBB3C27E10EC8006D478F /* Storyboards */ = {
			isa = PBXGroup;
			children = (
				6CEEBB2A27E10B81006D478F /* Main.storyboard */,
				6CEEBB2F27E10B82006D478F /* LaunchScreen.storyboard */,
			);
			path = Storyboards;
			sourceTree = "<group>";
		};
		6CEEBB3D27E10ED0006D478F /* Resources */ = {
			isa = PBXGroup;
			children = (
				6CEEBB2D27E10B82006D478F /* Assets.xcassets */,
			);
			path = Resources;
			sourceTree = "<group>";
		};
		6CEEBB3E27E10ED6006D478F /* Extensions */ = {
			isa = PBXGroup;
			children = (
				6CEEBB3827E10D45006D478F /* Extension + UIButton.swift */,
			);
			path = Extensions;
			sourceTree = "<group>";
		};
		A9ECC184A5212C81A02204E4 /* Pods */ = {
			isa = PBXGroup;
			children = (
				53C2B555F7C0957FEF147179 /* Pods-SpringAnimation.debug.xcconfig */,
				589AF54BA82B3ED7D4DDE093 /* Pods-SpringAnimation.release.xcconfig */,
			);
			name = Pods;
			path = Pods;
			sourceTree = "<group>";
		};
/* End PBXGroup section */

/* Begin PBXNativeTarget section */
		6CEEBB2027E10B81006D478F /* SpringAnimation */ = {
			isa = PBXNativeTarget;
			buildConfigurationList = 6CEEBB3527E10B82006D478F /* Build configuration list for PBXNativeTarget "SpringAnimation" */;
			buildPhases = (
				FCCCA2DAD5C801401BFA4E04 /* [CP] Check Pods Manifest.lock */,
				6CEEBB1D27E10B81006D478F /* Sources */,
				6CEEBB1E27E10B81006D478F /* Frameworks */,
				6CEEBB1F27E10B81006D478F /* Resources */,
				9326EF55669A3D984C6DED4D /* [CP] Embed Pods Frameworks */,
			);
			buildRules = (
			);
			dependencies = (
			);
			name = SpringAnimation;
			productName = SpringAnimation;
			productReference = 6CEEBB2127E10B81006D478F /* SpringAnimation.app */;
			productType = "com.apple.product-type.application";
		};
/* End PBXNativeTarget section */

/* Begin PBXProject section */
		6CEEBB1927E10B81006D478F /* Project object */ = {
			isa = PBXProject;
			attributes = {
				BuildIndependentTargetsInParallel = 1;
				LastSwiftUpdateCheck = 1320;
				LastUpgradeCheck = 1320;
				TargetAttributes = {
					6CEEBB2027E10B81006D478F = {
						CreatedOnToolsVersion = 13.2.1;
					};
				};
			};
			buildConfigurationList = 6CEEBB1C27E10B81006D478F /* Build configuration list for PBXProject "SpringAnimation" */;
			compatibilityVersion = "Xcode 13.0";
			developmentRegion = en;
			hasScannedForEncodings = 0;
			knownRegions = (
				en,
				Base,
			);
			mainGroup = 6CEEBB1827E10B81006D478F;
			productRefGroup = 6CEEBB2227E10B81006D478F /* Products */;
			projectDirPath = "";
			projectRoot = "";
			targets = (
				6CEEBB2027E10B81006D478F /* SpringAnimation */,
			);
		};
/* End PBXProject section */

/* Begin PBXResourcesBuildPhase section */
		6CEEBB1F27E10B81006D478F /* Resources */ = {
			isa = PBXResourcesBuildPhase;
			buildActionMask = 2147483647;
			files = (
				6CEEBB3127E10B82006D478F /* LaunchScreen.storyboard in Resources */,
				6CEEBB2E27E10B82006D478F /* Assets.xcassets in Resources */,
				6CEEBB2C27E10B81006D478F /* Main.storyboard in Resources */,
			);
			runOnlyForDeploymentPostprocessing = 0;
		};
/* End PBXResourcesBuildPhase section */

/* Begin PBXShellScriptBuildPhase section */
		9326EF55669A3D984C6DED4D /* [CP] Embed Pods Frameworks */ = {
			isa = PBXShellScriptBuildPhase;
			buildActionMask = 2147483647;
			files = (
			);
			inputFileListPaths = (
				"${PODS_ROOT}/Target Support Files/Pods-SpringAnimation/Pods-SpringAnimation-frameworks-${CONFIGURATION}-input-files.xcfilelist",
			);
			name = "[CP] Embed Pods Frameworks";
			outputFileListPaths = (
				"${PODS_ROOT}/Target Support Files/Pods-SpringAnimation/Pods-SpringAnimation-frameworks-${CONFIGURATION}-output-files.xcfilelist",
			);
			runOnlyForDeploymentPostprocessing = 0;
			shellPath = /bin/sh;
			shellScript = "\"${PODS_ROOT}/Target Support Files/Pods-SpringAnimation/Pods-SpringAnimation-frameworks.sh\"\n";
			showEnvVarsInLog = 0;
		};
		FCCCA2DAD5C801401BFA4E04 /* [CP] Check Pods Manifest.lock */ = {
			isa = PBXShellScriptBuildPhase;
			buildActionMask = 2147483647;
			files = (
			);
			inputFileListPaths = (
			);
			inputPaths = (
				"${PODS_PODFILE_DIR_PATH}/Podfile.lock",
				"${PODS_ROOT}/Manifest.lock",
			);
			name = "[CP] Check Pods Manifest.lock";
			outputFileListPaths = (
			);
			outputPaths = (
				"$(DERIVED_FILE_DIR)/Pods-SpringAnimation-checkManifestLockResult.txt",
			);
			runOnlyForDeploymentPostprocessing = 0;
			shellPath = /bin/sh;
			shellScript = "diff \"${PODS_PODFILE_DIR_PATH}/Podfile.lock\" \"${PODS_ROOT}/Manifest.lock\" > /dev/null\nif [ $? != 0 ] ; then\n    # print error to STDERR\n    echo \"error: The sandbox is not in sync with the Podfile.lock. Run 'pod install' or update your CocoaPods installation.\" >&2\n    exit 1\nfi\n# This output is used by Xcode 'outputs' to avoid re-running this script phase.\necho \"SUCCESS\" > \"${SCRIPT_OUTPUT_FILE_0}\"\n";
			showEnvVarsInLog = 0;
		};
/* End PBXShellScriptBuildPhase section */

/* Begin PBXSourcesBuildPhase section */
		6CEEBB1D27E10B81006D478F /* Sources */ = {
			isa = PBXSourcesBuildPhase;
			buildActionMask = 2147483647;
			files = (
				6CEEBB2927E10B81006D478F /* ViewController.swift in Sources */,
				6CEEBB2527E10B81006D478F /* AppDelegate.swift in Sources */,
				6CEEBB2727E10B81006D478F /* SceneDelegate.swift in Sources */,
				6CEEBB3927E10D45006D478F /* Extension + UIButton.swift in Sources */,
			);
			runOnlyForDeploymentPostprocessing = 0;
		};
/* End PBXSourcesBuildPhase section */

/* Begin PBXVariantGroup section */
		6CEEBB2A27E10B81006D478F /* Main.storyboard */ = {
			isa = PBXVariantGroup;
			children = (
				6CEEBB2B27E10B81006D478F /* Base */,
			);
			name = Main.storyboard;
			sourceTree = "<group>";
		};
		6CEEBB2F27E10B82006D478F /* LaunchScreen.storyboard */ = {
			isa = PBXVariantGroup;
			children = (
				6CEEBB3027E10B82006D478F /* Base */,
			);
			name = LaunchScreen.storyboard;
			sourceTree = "<group>";
		};
/* End PBXVariantGroup section */

/* Begin XCBuildConfiguration section */
		6CEEBB3327E10B82006D478F /* Debug */ = {
			isa = XCBuildConfiguration;
			buildSettings = {
				ALWAYS_SEARCH_USER_PATHS = NO;
				CLANG_ANALYZER_NONNULL = YES;
				CLANG_ANALYZER_NUMBER_OBJECT_CONVERSION = YES_AGGRESSIVE;
				CLANG_CXX_LANGUAGE_STANDARD = "gnu++17";
				CLANG_CXX_LIBRARY = "libc++";
				CLANG_ENABLE_MODULES = YES;
				CLANG_ENABLE_OBJC_ARC = YES;
				CLANG_ENABLE_OBJC_WEAK = YES;
				CLANG_WARN_BLOCK_CAPTURE_AUTORELEASING = YES;
				CLANG_WARN_BOOL_CONVERSION = YES;
				CLANG_WARN_COMMA = YES;
				CLANG_WARN_CONSTANT_CONVERSION = YES;
				CLANG_WARN_DEPRECATED_OBJC_IMPLEMENTATIONS = YES;
				CLANG_WARN_DIRECT_OBJC_ISA_USAGE = YES_ERROR;
				CLANG_WARN_DOCUMENTATION_COMMENTS = YES;
				CLANG_WARN_EMPTY_BODY = YES;
				CLANG_WARN_ENUM_CONVERSION = YES;
				CLANG_WARN_INFINITE_RECURSION = YES;
				CLANG_WARN_INT_CONVERSION = YES;
				CLANG_WARN_NON_LITERAL_NULL_CONVERSION = YES;
				CLANG_WARN_OBJC_IMPLICIT_RETAIN_SELF = YES;
				CLANG_WARN_OBJC_LITERAL_CONVERSION = YES;
				CLANG_WARN_OBJC_ROOT_CLASS = YES_ERROR;
				CLANG_WARN_QUOTED_INCLUDE_IN_FRAMEWORK_HEADER = YES;
				CLANG_WARN_RANGE_LOOP_ANALYSIS = YES;
				CLANG_WARN_STRICT_PROTOTYPES = YES;
				CLANG_WARN_SUSPICIOUS_MOVE = YES;
				CLANG_WARN_UNGUARDED_AVAILABILITY = YES_AGGRESSIVE;
				CLANG_WARN_UNREACHABLE_CODE = YES;
				CLANG_WARN__DUPLICATE_METHOD_MATCH = YES;
				COPY_PHASE_STRIP = NO;
				DEBUG_INFORMATION_FORMAT = dwarf;
				ENABLE_STRICT_OBJC_MSGSEND = YES;
				ENABLE_TESTABILITY = YES;
				GCC_C_LANGUAGE_STANDARD = gnu11;
				GCC_DYNAMIC_NO_PIC = NO;
				GCC_NO_COMMON_BLOCKS = YES;
				GCC_OPTIMIZATION_LEVEL = 0;
				GCC_PREPROCESSOR_DEFINITIONS = (
					"DEBUG=1",
					"$(inherited)",
				);
				GCC_WARN_64_TO_32_BIT_CONVERSION = YES;
				GCC_WARN_ABOUT_RETURN_TYPE = YES_ERROR;
				GCC_WARN_UNDECLARED_SELECTOR = YES;
				GCC_WARN_UNINITIALIZED_AUTOS = YES_AGGRESSIVE;
				GCC_WARN_UNUSED_FUNCTION = YES;
				GCC_WARN_UNUSED_VARIABLE = YES;
				IPHONEOS_DEPLOYMENT_TARGET = 15.2;
				MTL_ENABLE_DEBUG_INFO = INCLUDE_SOURCE;
				MTL_FAST_MATH = YES;
				ONLY_ACTIVE_ARCH = YES;
				SDKROOT = iphoneos;
				SWIFT_ACTIVE_COMPILATION_CONDITIONS = DEBUG;
				SWIFT_OPTIMIZATION_LEVEL = "-Onone";
			};
			name = Debug;
		};
		6CEEBB3427E10B82006D478F /* Release */ = {
			isa = XCBuildConfiguration;
			buildSettings = {
				ALWAYS_SEARCH_USER_PATHS = NO;
				CLANG_ANALYZER_NONNULL = YES;
				CLANG_ANALYZER_NUMBER_OBJECT_CONVERSION = YES_AGGRESSIVE;
				CLANG_CXX_LANGUAGE_STANDARD = "gnu++17";
				CLANG_CXX_LIBRARY = "libc++";
				CLANG_ENABLE_MODULES = YES;
				CLANG_ENABLE_OBJC_ARC = YES;
				CLANG_ENABLE_OBJC_WEAK = YES;
				CLANG_WARN_BLOCK_CAPTURE_AUTORELEASING = YES;
				CLANG_WARN_BOOL_CONVERSION = YES;
				CLANG_WARN_COMMA = YES;
				CLANG_WARN_CONSTANT_CONVERSION = YES;
				CLANG_WARN_DEPRECATED_OBJC_IMPLEMENTATIONS = YES;
				CLANG_WARN_DIRECT_OBJC_ISA_USAGE = YES_ERROR;
				CLANG_WARN_DOCUMENTATION_COMMENTS = YES;
				CLANG_WARN_EMPTY_BODY = YES;
				CLANG_WARN_ENUM_CONVERSION = YES;
				CLANG_WARN_INFINITE_RECURSION = YES;
				CLANG_WARN_INT_CONVERSION = YES;
				CLANG_WARN_NON_LITERAL_NULL_CONVERSION = YES;
				CLANG_WARN_OBJC_IMPLICIT_RETAIN_SELF = YES;
				CLANG_WARN_OBJC_LITERAL_CONVERSION = YES;
				CLANG_WARN_OBJC_ROOT_CLASS = YES_ERROR;
				CLANG_WARN_QUOTED_INCLUDE_IN_FRAMEWORK_HEADER = YES;
				CLANG_WARN_RANGE_LOOP_ANALYSIS = YES;
				CLANG_WARN_STRICT_PROTOTYPES = YES;
				CLANG_WARN_SUSPICIOUS_MOVE = YES;
				CLANG_WARN_UNGUARDED_AVAILABILITY = YES_AGGRESSIVE;
				CLANG_WARN_UNREACHABLE_CODE = YES;
				CLANG_WARN__DUPLICATE_METHOD_MATCH = YES;
				COPY_PHASE_STRIP = NO;
				DEBUG_INFORMATION_FORMAT = "dwarf-with-dsym";
				ENABLE_NS_ASSERTIONS = NO;
				ENABLE_STRICT_OBJC_MSGSEND = YES;
				GCC_C_LANGUAGE_STANDARD = gnu11;
				GCC_NO_COMMON_BLOCKS = YES;
				GCC_WARN_64_TO_32_BIT_CONVERSION = YES;
				GCC_WARN_ABOUT_RETURN_TYPE = YES_ERROR;
				GCC_WARN_UNDECLARED_SELECTOR = YES;
				GCC_WARN_UNINITIALIZED_AUTOS = YES_AGGRESSIVE;
				GCC_WARN_UNUSED_FUNCTION = YES;
				GCC_WARN_UNUSED_VARIABLE = YES;
				IPHONEOS_DEPLOYMENT_TARGET = 15.2;
				MTL_ENABLE_DEBUG_INFO = NO;
				MTL_FAST_MATH = YES;
				SDKROOT = iphoneos;
				SWIFT_COMPILATION_MODE = wholemodule;
				SWIFT_OPTIMIZATION_LEVEL = "-O";
				VALIDATE_PRODUCT = YES;
			};
			name = Release;
		};
		6CEEBB3627E10B82006D478F /* Debug */ = {
			isa = XCBuildConfiguration;
			baseConfigurationReference = 53C2B555F7C0957FEF147179 /* Pods-SpringAnimation.debug.xcconfig */;
			buildSettings = {
				ASSETCATALOG_COMPILER_APPICON_NAME = AppIcon;
				ASSETCATALOG_COMPILER_GLOBAL_ACCENT_COLOR_NAME = AccentColor;
				CODE_SIGN_STYLE = Automatic;
				CURRENT_PROJECT_VERSION = 1;
				DEVELOPMENT_TEAM = MAMAND5R9P;
				GENERATE_INFOPLIST_FILE = YES;
				INFOPLIST_FILE = SpringAnimation/App/Info.plist;
				INFOPLIST_KEY_CFBundleDisplayName = "Spring Animation";
				INFOPLIST_KEY_UIApplicationSupportsIndirectInputEvents = YES;
				INFOPLIST_KEY_UILaunchStoryboardName = LaunchScreen;
				INFOPLIST_KEY_UIMainStoryboardFile = Main;
				INFOPLIST_KEY_UISupportedInterfaceOrientations = UIInterfaceOrientationPortrait;
				LD_RUNPATH_SEARCH_PATHS = (
					"$(inherited)",
					"@executable_path/Frameworks",
				);
				MARKETING_VERSION = 1.1.0;
				PRODUCT_BUNDLE_IDENTIFIER = AlexeyRadomskiy.SpringAnimation;
				PRODUCT_NAME = "$(TARGET_NAME)";
				SWIFT_EMIT_LOC_STRINGS = YES;
				SWIFT_VERSION = 5.0;
				TARGETED_DEVICE_FAMILY = 1;
			};
			name = Debug;
		};
		6CEEBB3727E10B82006D478F /* Release */ = {
			isa = XCBuildConfiguration;
			baseConfigurationReference = 589AF54BA82B3ED7D4DDE093 /* Pods-SpringAnimation.release.xcconfig */;
			buildSettings = {
				ASSETCATALOG_COMPILER_APPICON_NAME = AppIcon;
				ASSETCATALOG_COMPILER_GLOBAL_ACCENT_COLOR_NAME = AccentColor;
				CODE_SIGN_STYLE = Automatic;
				CURRENT_PROJECT_VERSION = 1;
				DEVELOPMENT_TEAM = MAMAND5R9P;
				GENERATE_INFOPLIST_FILE = YES;
				INFOPLIST_FILE = SpringAnimation/App/Info.plist;
				INFOPLIST_KEY_CFBundleDisplayName = "Spring Animation";
				INFOPLIST_KEY_UIApplicationSupportsIndirectInputEvents = YES;
				INFOPLIST_KEY_UILaunchStoryboardName = LaunchScreen;
				INFOPLIST_KEY_UIMainStoryboardFile = Main;
				INFOPLIST_KEY_UISupportedInterfaceOrientations = UIInterfaceOrientationPortrait;
				LD_RUNPATH_SEARCH_PATHS = (
					"$(inherited)",
					"@executable_path/Frameworks",
				);
				MARKETING_VERSION = 1.1.0;
				PRODUCT_BUNDLE_IDENTIFIER = AlexeyRadomskiy.SpringAnimation;
				PRODUCT_NAME = "$(TARGET_NAME)";
				SWIFT_EMIT_LOC_STRINGS = YES;
				SWIFT_VERSION = 5.0;
				TARGETED_DEVICE_FAMILY = 1;
			};
			name = Release;
		};
/* End XCBuildConfiguration section */

/* Begin XCConfigurationList section */
		6CEEBB1C27E10B81006D478F /* Build configuration list for PBXProject "SpringAnimation" */ = {
			isa = XCConfigurationList;
			buildConfigurations = (
				6CEEBB3327E10B82006D478F /* Debug */,
				6CEEBB3427E10B82006D478F /* Release */,
			);
			defaultConfigurationIsVisible = 0;
			defaultConfigurationName = Release;
		};
		6CEEBB3527E10B82006D478F /* Build configuration list for PBXNativeTarget "SpringAnimation" */ = {
			isa = XCConfigurationList;
			buildConfigurations = (
				6CEEBB3627E10B82006D478F /* Debug */,
				6CEEBB3727E10B82006D478F /* Release */,
			);
			defaultConfigurationIsVisible = 0;
			defaultConfigurationName = Release;
		};
/* End XCConfigurationList section */
	};
	rootObject = 6CEEBB1927E10B81006D478F /* Project object */;
}
